
Microsoft Visual Studio Solution File, Format Version 12.00
# Visual Studio 15
VisualStudioVersion = 15.0.26730.16
MinimumVisualStudioVersion = 10.0.40219.1
Project("{FAE04EC0-301F-11D3-BF4B-00C04F79EFBC}") = "Graphics_2", "Graphics_2\Graphics_2.csproj", "{73B9F29A-F9C8-4440-8E1D-F6295967B607}"
EndProject
Global
	GlobalSection(SolutionConfigurationPlatforms) = preSolution
		Debug|Any CPU = Debug|Any CPU
		Release|Any CPU = Release|Any CPU
	EndGlobalSection
	GlobalSection(ProjectConfigurationPlatforms) = postSolution
		{73B9F29A-F9C8-4440-8E1D-F6295967B607}.Debug|Any CPU.ActiveCfg = Debug|Any CPU
		{73B9F29A-F9C8-4440-8E1D-F6295967B607}.Debug|Any CPU.Build.0 = Debug|Any CPU
		{73B9F29A-F9C8-4440-8E1D-F6295967B607}.Release|Any CPU.ActiveCfg = Release|Any CPU
		{73B9F29A-F9C8-4440-8E1D-F6295967B607}.Release|Any CPU.Build.0 = Release|Any CPU
	EndGlobalSection
	GlobalSection(SolutionProperties) = preSolution
		HideSolutionNode = FALSE
	EndGlobalSection
	GlobalSection(ExtensibilityGlobals) = postSolution
		SolutionGuid = {4B14958F-60BF-4864-B0FE-D70965BD5E4F}
	EndGlobalSection
EndGlobal
